github.com/razonyang/hugo-theme-bootstrap v1.0.0-alpha.11 h1:E/YDX6gYWOYGNJIXAkAyB+FCahtAM+HQTUbOtd54lyo=
github.com/razonyang/hugo-theme-bootstrap v1.0.0-alpha.11/go.mod h1:o+IIPL/5wreiTojnN4MsQqKuxbv3fWAQnMhG9geltQo=
github.com/razonyang/hugo-theme-bootstrap v1.0.0-alpha.11.0.20220919141107-458a2d14e469 h1:K/rPMA4+ZY19nUJThK/De5+kRp1+JDinXh+mh5j/1ro=
github.com/razonyang/hugo-theme-bootstrap v1.0.0-alpha.11.0.20220919141107-458a2d14e469/go.mod h1:o+IIPL/5wreiTojnN4MsQqKuxbv3fWAQnMhG9geltQo=
